
Microsoft Visual Studio Solution File, Format Version 12.00
# Visual Studio 14
VisualStudioVersion = 14.0.24720.0
MinimumVisualStudioVersion = 10.0.40219.1
Project("{FAE04EC0-301F-11D3-BF4B-00C04F79EFBC}") = "MentoringD1D2.Module2.Task2", "MentoringD1D2.Module2.Task2\MentoringD1D2.Module2.Task2.csproj", "{3BF2D816-2B4D-4326-BEB4-8ACAFDA636E9}"
EndProject
Project("{FAE04EC0-301F-11D3-BF4B-00C04F79EFBC}") = "MentoringD1D2.Module2.Task2.Extensions", "MentoringD1D2.Module2.Task2.Extensions\MentoringD1D2.Module2.Task2.Extensions.csproj", "{49BBB1D9-8874-4334-BA68-C5BC1E6BDE13}"
EndProject
Project("{FAE04EC0-301F-11D3-BF4B-00C04F79EFBC}") = "MentoringD1D2.Module2.Task2.Tests", "MentoringD1D2.Module2.Task2.Tests\MentoringD1D2.Module2.Task2.Tests.csproj", "{A82D345B-5F90-424F-B43C-B0767F24D148}"
EndProject
Global
	GlobalSection(SolutionConfigurationPlatforms) = preSolution
		Debug|Any CPU = Debug|Any CPU
		Release|Any CPU = Release|Any CPU
	EndGlobalSection
	GlobalSection(ProjectConfigurationPlatforms) = postSolution
		{3BF2D816-2B4D-4326-BEB4-8ACAFDA636E9}.Debug|Any CPU.ActiveCfg = Debug|Any CPU
		{3BF2D816-2B4D-4326-BEB4-8ACAFDA636E9}.Debug|Any CPU.Build.0 = Debug|Any CPU
		{3BF2D816-2B4D-4326-BEB4-8ACAFDA636E9}.Release|Any CPU.ActiveCfg = Release|Any CPU
		{3BF2D816-2B4D-4326-BEB4-8ACAFDA636E9}.Release|Any CPU.Build.0 = Release|Any CPU
		{49BBB1D9-8874-4334-BA68-C5BC1E6BDE13}.Debug|Any CPU.ActiveCfg = Debug|Any CPU
		{49BBB1D9-8874-4334-BA68-C5BC1E6BDE13}.Debug|Any CPU.Build.0 = Debug|Any CPU
		{49BBB1D9-8874-4334-BA68-C5BC1E6BDE13}.Release|Any CPU.ActiveCfg = Release|Any CPU
		{49BBB1D9-8874-4334-BA68-C5BC1E6BDE13}.Release|Any CPU.Build.0 = Release|Any CPU
		{A82D345B-5F90-424F-B43C-B0767F24D148}.Debug|Any CPU.ActiveCfg = Debug|Any CPU
		{A82D345B-5F90-424F-B43C-B0767F24D148}.Debug|Any CPU.Build.0 = Debug|Any CPU
		{A82D345B-5F90-424F-B43C-B0767F24D148}.Release|Any CPU.ActiveCfg = Release|Any CPU
		{A82D345B-5F90-424F-B43C-B0767F24D148}.Release|Any CPU.Build.0 = Release|Any CPU
	EndGlobalSection
	GlobalSection(SolutionProperties) = preSolution
		HideSolutionNode = FALSE
	EndGlobalSection
EndGlobal
